// !$*UTF8*$!
{
	archiveVersion = 1;
	classes = {
	};
	objectVersion = 55;
	objects = {

/* Begin PBXBuildFile section */
		0800453227560965007C6E86 /* StyrkeDetail.swift in Sources */ = {isa = PBXBuildFile; fileRef = 0800453127560965007C6E86 /* StyrkeDetail.swift */; };
		0800453327560965007C6E86 /* StyrkeDetail.swift in Sources */ = {isa = PBXBuildFile; fileRef = 0800453127560965007C6E86 /* StyrkeDetail.swift */; };
		080E40692768C8C0006C8CCF /* Velfaerds--iOS--Info.plist in Resources */ = {isa = PBXBuildFile; fileRef = 080E40682768C8C0006C8CCF /* Velfaerds--iOS--Info.plist */; };
		088C8B862758CE88006D69E6 /* introvid.mp4 in Resources */ = {isa = PBXBuildFile; fileRef = 088C8B852758CE88006D69E6 /* introvid.mp4 */; };
		088C8B872758CE88006D69E6 /* introvid.mp4 in Resources */ = {isa = PBXBuildFile; fileRef = 088C8B852758CE88006D69E6 /* introvid.mp4 */; };
		08911AE627575E30001CEFDC /* SideBarMenu.swift in Sources */ = {isa = PBXBuildFile; fileRef = 08911AE527575E30001CEFDC /* SideBarMenu.swift */; };
		08911AE727575E6B001CEFDC /* StyrkeList.swift in Sources */ = {isa = PBXBuildFile; fileRef = 08990B432754B8C5005B43DA /* StyrkeList.swift */; };
		08911AEA27576D77001CEFDC /* ContentView.swift in Sources */ = {isa = PBXBuildFile; fileRef = 08990B072754B5FE005B43DA /* ContentView.swift */; };
		08911AEB27577099001CEFDC /* TabBarMenu.swift in Sources */ = {isa = PBXBuildFile; fileRef = 08911AE1275759E7001CEFDC /* TabBarMenu.swift */; };
		08911AEC2757709A001CEFDC /* TabBarMenu.swift in Sources */ = {isa = PBXBuildFile; fileRef = 08911AE1275759E7001CEFDC /* TabBarMenu.swift */; };
		08911AED2757709E001CEFDC /* SideBarMenu.swift in Sources */ = {isa = PBXBuildFile; fileRef = 08911AE527575E30001CEFDC /* SideBarMenu.swift */; };
		0893AF3727915AD900716397 /* QuizResult.swift in Sources */ = {isa = PBXBuildFile; fileRef = 0893AF3627915AD900716397 /* QuizResult.swift */; };
		0893AF3827915AD900716397 /* QuizResult.swift in Sources */ = {isa = PBXBuildFile; fileRef = 0893AF3627915AD900716397 /* QuizResult.swift */; };
		0893AF3D2791814600716397 /* CustomSlider.swift in Sources */ = {isa = PBXBuildFile; fileRef = 0893AF3C2791814600716397 /* CustomSlider.swift */; };
		0893AF3E2791814600716397 /* CustomSlider.swift in Sources */ = {isa = PBXBuildFile; fileRef = 0893AF3C2791814600716397 /* CustomSlider.swift */; };
		08990B1F2754B5FF005B43DA /* Tests_iOS.swift in Sources */ = {isa = PBXBuildFile; fileRef = 08990B1E2754B5FF005B43DA /* Tests_iOS.swift */; };
		08990B212754B5FF005B43DA /* Tests_iOSLaunchTests.swift in Sources */ = {isa = PBXBuildFile; fileRef = 08990B202754B5FF005B43DA /* Tests_iOSLaunchTests.swift */; };
		08990B2B2754B5FF005B43DA /* Tests_macOS.swift in Sources */ = {isa = PBXBuildFile; fileRef = 08990B2A2754B5FF005B43DA /* Tests_macOS.swift */; };
		08990B2D2754B5FF005B43DA /* Tests_macOSLaunchTests.swift in Sources */ = {isa = PBXBuildFile; fileRef = 08990B2C2754B5FF005B43DA /* Tests_macOSLaunchTests.swift */; };
		08990B2E2754B5FF005B43DA /* VelfaerdsApp.swift in Sources */ = {isa = PBXBuildFile; fileRef = 08990B062754B5FE005B43DA /* VelfaerdsApp.swift */; };
		08990B2F2754B5FF005B43DA /* VelfaerdsApp.swift in Sources */ = {isa = PBXBuildFile; fileRef = 08990B062754B5FE005B43DA /* VelfaerdsApp.swift */; };
		08990B302754B5FF005B43DA /* ContentView.swift in Sources */ = {isa = PBXBuildFile; fileRef = 08990B072754B5FE005B43DA /* ContentView.swift */; };
		08990B322754B5FF005B43DA /* Assets.xcassets in Resources */ = {isa = PBXBuildFile; fileRef = 08990B082754B5FF005B43DA /* Assets.xcassets */; };
		08990B332754B5FF005B43DA /* Assets.xcassets in Resources */ = {isa = PBXBuildFile; fileRef = 08990B082754B5FF005B43DA /* Assets.xcassets */; };
		08990B442754B8C5005B43DA /* StyrkeList.swift in Sources */ = {isa = PBXBuildFile; fileRef = 08990B432754B8C5005B43DA /* StyrkeList.swift */; };
		08990B482754BBCC005B43DA /* QuestionModel.swift in Sources */ = {isa = PBXBuildFile; fileRef = 08990B472754BBCC005B43DA /* QuestionModel.swift */; };
		08990B492754BBCC005B43DA /* QuestionModel.swift in Sources */ = {isa = PBXBuildFile; fileRef = 08990B472754BBCC005B43DA /* QuestionModel.swift */; };
		08990B4B2754BDC8005B43DA /* ModelData.swift in Sources */ = {isa = PBXBuildFile; fileRef = 08990B4A2754BDC8005B43DA /* ModelData.swift */; };
		08990B4C2754BDC8005B43DA /* ModelData.swift in Sources */ = {isa = PBXBuildFile; fileRef = 08990B4A2754BDC8005B43DA /* ModelData.swift */; };
		08990B532754CDA8005B43DA /* questions.json in Resources */ = {isa = PBXBuildFile; fileRef = 08990B522754CDA8005B43DA /* questions.json */; };
		08990B542754CDA8005B43DA /* questions.json in Resources */ = {isa = PBXBuildFile; fileRef = 08990B522754CDA8005B43DA /* questions.json */; };
		08990B592754CE31005B43DA /* StyrkeRow.swift in Sources */ = {isa = PBXBuildFile; fileRef = 08990B582754CE31005B43DA /* StyrkeRow.swift */; };
		08990B5A2754CE31005B43DA /* StyrkeRow.swift in Sources */ = {isa = PBXBuildFile; fileRef = 08990B582754CE31005B43DA /* StyrkeRow.swift */; };
		08AE829E27901BBE009E328C /* QuizSelectResult.swift in Sources */ = {isa = PBXBuildFile; fileRef = 08AE829D27901BBE009E328C /* QuizSelectResult.swift */; };
		08AE829F27901BBE009E328C /* QuizSelectResult.swift in Sources */ = {isa = PBXBuildFile; fileRef = 08AE829D27901BBE009E328C /* QuizSelectResult.swift */; };
		08AE82A127902833009E328C /* QuizResultRow.swift in Sources */ = {isa = PBXBuildFile; fileRef = 08AE82A027902833009E328C /* QuizResultRow.swift */; };
		08AE82A227902833009E328C /* QuizResultRow.swift in Sources */ = {isa = PBXBuildFile; fileRef = 08AE82A027902833009E328C /* QuizResultRow.swift */; };
		08BEB14027687F89009184E8 /* PlayerView.swift in Sources */ = {isa = PBXBuildFile; fileRef = 08BEB13F27687F89009184E8 /* PlayerView.swift */; };
		08BEB14227688519009184E8 /* VideoView.swift in Sources */ = {isa = PBXBuildFile; fileRef = 08BEB14127688519009184E8 /* VideoView.swift */; };
		08EE0F4A278D883800A89C04 /* QuestionsManager.swift in Sources */ = {isa = PBXBuildFile; fileRef = 08EE0F49278D883800A89C04 /* QuestionsManager.swift */; };
		08EE0F4B278D883800A89C04 /* QuestionsManager.swift in Sources */ = {isa = PBXBuildFile; fileRef = 08EE0F49278D883800A89C04 /* QuestionsManager.swift */; };
		08FC14342757948600E7AE4B /* HomeView.swift in Sources */ = {isa = PBXBuildFile; fileRef = 08FC14332757948600E7AE4B /* HomeView.swift */; };
		08FC14352757948600E7AE4B /* HomeView.swift in Sources */ = {isa = PBXBuildFile; fileRef = 08FC14332757948600E7AE4B /* HomeView.swift */; };
		08FC143727579D6C00E7AE4B /* QuizPage.swift in Sources */ = {isa = PBXBuildFile; fileRef = 08FC143627579D6C00E7AE4B /* QuizPage.swift */; };
		08FC143827579D6C00E7AE4B /* QuizPage.swift in Sources */ = {isa = PBXBuildFile; fileRef = 08FC143627579D6C00E7AE4B /* QuizPage.swift */; };
		08FC143C2757AA7800E7AE4B /* Localizable.strings in Resources */ = {isa = PBXBuildFile; fileRef = 08FC143B2757AA7800E7AE4B /* Localizable.strings */; };
		08FC143D2757AA7800E7AE4B /* Localizable.strings in Resources */ = {isa = PBXBuildFile; fileRef = 08FC143B2757AA7800E7AE4B /* Localizable.strings */; };
/* End PBXBuildFile section */

/* Begin PBXContainerItemProxy section */
		08990B1B2754B5FF005B43DA /* PBXContainerItemProxy */ = {
			isa = PBXContainerItemProxy;
			containerPortal = 08990B012754B5FE005B43DA /* Project object */;
			proxyType = 1;
			remoteGlobalIDString = 08990B0C2754B5FF005B43DA;
			remoteInfo = "Velfaerds (iOS)";
		};
		08990B272754B5FF005B43DA /* PBXContainerItemProxy */ = {
			isa = PBXContainerItemProxy;
			containerPortal = 08990B012754B5FE005B43DA /* Project object */;
			proxyType = 1;
			remoteGlobalIDString = 08990B122754B5FF005B43DA;
			remoteInfo = "Velfaerds (macOS)";
		};
/* End PBXContainerItemProxy section */

/* Begin PBXFileReference section */
		0800453127560965007C6E86 /* StyrkeDetail.swift */ = {isa = PBXFileReference; lastKnownFileType = sourcecode.swift; path = StyrkeDetail.swift; sourceTree = "<group>"; };
		080E40682768C8C0006C8CCF /* Velfaerds--iOS--Info.plist */ = {isa = PBXFileReference; fileEncoding = 4; lastKnownFileType = text.plist.xml; path = "Velfaerds--iOS--Info.plist"; sourceTree = "<group>"; };
		088C8B852758CE88006D69E6 /* introvid.mp4 */ = {isa = PBXFileReference; lastKnownFileType = file; path = introvid.mp4; sourceTree = "<group>"; };
		08911AE1275759E7001CEFDC /* TabBarMenu.swift */ = {isa = PBXFileReference; lastKnownFileType = sourcecode.swift; path = TabBarMenu.swift; sourceTree = "<group>"; };
		08911AE527575E30001CEFDC /* SideBarMenu.swift */ = {isa = PBXFileReference; lastKnownFileType = sourcecode.swift; path = SideBarMenu.swift; sourceTree = "<group>"; };
		0893AF3627915AD900716397 /* QuizResult.swift */ = {isa = PBXFileReference; lastKnownFileType = sourcecode.swift; path = QuizResult.swift; sourceTree = "<group>"; };
		0893AF3C2791814600716397 /* CustomSlider.swift */ = {isa = PBXFileReference; lastKnownFileType = sourcecode.swift; path = CustomSlider.swift; sourceTree = "<group>"; };
		08990B062754B5FE005B43DA /* VelfaerdsApp.swift */ = {isa = PBXFileReference; lastKnownFileType = sourcecode.swift; path = VelfaerdsApp.swift; sourceTree = "<group>"; };
		08990B072754B5FE005B43DA /* ContentView.swift */ = {isa = PBXFileReference; lastKnownFileType = sourcecode.swift; path = ContentView.swift; sourceTree = "<group>"; };
		08990B082754B5FF005B43DA /* Assets.xcassets */ = {isa = PBXFileReference; lastKnownFileType = folder.assetcatalog; path = Assets.xcassets; sourceTree = "<group>"; };
		08990B0D2754B5FF005B43DA /* Velfaerds.app */ = {isa = PBXFileReference; explicitFileType = wrapper.application; includeInIndex = 0; path = Velfaerds.app; sourceTree = BUILT_PRODUCTS_DIR; };
		08990B132754B5FF005B43DA /* Velfaerds.app */ = {isa = PBXFileReference; explicitFileType = wrapper.application; includeInIndex = 0; path = Velfaerds.app; sourceTree = BUILT_PRODUCTS_DIR; };
		08990B152754B5FF005B43DA /* macOS.entitlements */ = {isa = PBXFileReference; lastKnownFileType = text.plist.entitlements; path = macOS.entitlements; sourceTree = "<group>"; };
		08990B1A2754B5FF005B43DA /* Tests iOS.xctest */ = {isa = PBXFileReference; explicitFileType = wrapper.cfbundle; includeInIndex = 0; path = "Tests iOS.xctest"; sourceTree = BUILT_PRODUCTS_DIR; };
		08990B1E2754B5FF005B43DA /* Tests_iOS.swift */ = {isa = PBXFileReference; lastKnownFileType = sourcecode.swift; path = Tests_iOS.swift; sourceTree = "<group>"; };
		08990B202754B5FF005B43DA /* Tests_iOSLaunchTests.swift */ = {isa = PBXFileReference; lastKnownFileType = sourcecode.swift; path = Tests_iOSLaunchTests.swift; sourceTree = "<group>"; };
		08990B262754B5FF005B43DA /* Tests macOS.xctest */ = {isa = PBXFileReference; explicitFileType = wrapper.cfbundle; includeInIndex = 0; path = "Tests macOS.xctest"; sourceTree = BUILT_PRODUCTS_DIR; };
		08990B2A2754B5FF005B43DA /* Tests_macOS.swift */ = {isa = PBXFileReference; lastKnownFileType = sourcecode.swift; path = Tests_macOS.swift; sourceTree = "<group>"; };
		08990B2C2754B5FF005B43DA /* Tests_macOSLaunchTests.swift */ = {isa = PBXFileReference; lastKnownFileType = sourcecode.swift; path = Tests_macOSLaunchTests.swift; sourceTree = "<group>"; };
		08990B432754B8C5005B43DA /* StyrkeList.swift */ = {isa = PBXFileReference; lastKnownFileType = sourcecode.swift; path = StyrkeList.swift; sourceTree = "<group>"; };
		08990B472754BBCC005B43DA /* QuestionModel.swift */ = {isa = PBXFileReference; lastKnownFileType = sourcecode.swift; path = QuestionModel.swift; sourceTree = "<group>"; };
		08990B4A2754BDC8005B43DA /* ModelData.swift */ = {isa = PBXFileReference; lastKnownFileType = sourcecode.swift; path = ModelData.swift; sourceTree = "<group>"; };
		08990B522754CDA8005B43DA /* questions.json */ = {isa = PBXFileReference; fileEncoding = 4; lastKnownFileType = text.json; path = questions.json; sourceTree = "<group>"; };
		08990B582754CE31005B43DA /* StyrkeRow.swift */ = {isa = PBXFileReference; lastKnownFileType = sourcecode.swift; path = StyrkeRow.swift; sourceTree = "<group>"; };
		08AE829D27901BBE009E328C /* QuizSelectResult.swift */ = {isa = PBXFileReference; lastKnownFileType = sourcecode.swift; path = QuizSelectResult.swift; sourceTree = "<group>"; };
		08AE82A027902833009E328C /* QuizResultRow.swift */ = {isa = PBXFileReference; lastKnownFileType = sourcecode.swift; path = QuizResultRow.swift; sourceTree = "<group>"; };
		08BEB13F27687F89009184E8 /* PlayerView.swift */ = {isa = PBXFileReference; lastKnownFileType = sourcecode.swift; path = PlayerView.swift; sourceTree = "<group>"; };
		08BEB14127688519009184E8 /* VideoView.swift */ = {isa = PBXFileReference; lastKnownFileType = sourcecode.swift; path = VideoView.swift; sourceTree = "<group>"; };
		08EE0F49278D883800A89C04 /* QuestionsManager.swift */ = {isa = PBXFileReference; lastKnownFileType = sourcecode.swift; path = QuestionsManager.swift; sourceTree = "<group>"; };
		08FC14332757948600E7AE4B /* HomeView.swift */ = {isa = PBXFileReference; lastKnownFileType = sourcecode.swift; path = HomeView.swift; sourceTree = "<group>"; };
		08FC143627579D6C00E7AE4B /* QuizPage.swift */ = {isa = PBXFileReference; lastKnownFileType = sourcecode.swift; path = QuizPage.swift; sourceTree = "<group>"; };
		08FC143B2757AA7800E7AE4B /* Localizable.strings */ = {isa = PBXFileReference; lastKnownFileType = text.plist.strings; path = Localizable.strings; sourceTree = "<group>"; };
/* End PBXFileReference section */

/* Begin PBXFrameworksBuildPhase section */
		08990B0A2754B5FF005B43DA /* Frameworks */ = {
			isa = PBXFrameworksBuildPhase;
			buildActionMask = 2147483647;
			files = (
			);
			runOnlyForDeploymentPostprocessing = 0;
		};
		08990B102754B5FF005B43DA /* Frameworks */ = {
			isa = PBXFrameworksBuildPhase;
			buildActionMask = 2147483647;
			files = (
			);
			runOnlyForDeploymentPostprocessing = 0;
		};
		08990B172754B5FF005B43DA /* Frameworks */ = {
			isa = PBXFrameworksBuildPhase;
			buildActionMask = 2147483647;
			files = (
			);
			runOnlyForDeploymentPostprocessing = 0;
		};
		08990B232754B5FF005B43DA /* Frameworks */ = {
			isa = PBXFrameworksBuildPhase;
			buildActionMask = 2147483647;
			files = (
			);
			runOnlyForDeploymentPostprocessing = 0;
		};
/* End PBXFrameworksBuildPhase section */

/* Begin PBXGroup section */
		0800453427562AA7007C6E86 /* Styrker */ = {
			isa = PBXGroup;
			children = (
				08990B432754B8C5005B43DA /* StyrkeList.swift */,
				08990B582754CE31005B43DA /* StyrkeRow.swift */,
				0800453127560965007C6E86 /* StyrkeDetail.swift */,
			);
			path = Styrker;
			sourceTree = "<group>";
		};
		088C8B882758F450006D69E6 /* Shared */ = {
			isa = PBXGroup;
			children = (
				08BEB1492768C3BD009184E8 /* Video */,
			);
			path = Shared;
			sourceTree = "<group>";
		};
		08990B002754B5FE005B43DA = {
			isa = PBXGroup;
			children = (
				08990B052754B5FE005B43DA /* Shared */,
				08990B422754B865005B43DA /* iOS */,
				08990B142754B5FF005B43DA /* macOS */,
				08990B1D2754B5FF005B43DA /* Tests iOS */,
				08990B292754B5FF005B43DA /* Tests macOS */,
				08990B0E2754B5FF005B43DA /* Products */,
			);
			sourceTree = "<group>";
		};
		08990B052754B5FE005B43DA /* Shared */ = {
			isa = PBXGroup;
			children = (
				08990B4D2754BF26005B43DA /* Views */,
				08990B452754B8D9005B43DA /* Models */,
				08990B4E2754C23F005B43DA /* Resources */,
				08990B062754B5FE005B43DA /* VelfaerdsApp.swift */,
				08990B072754B5FE005B43DA /* ContentView.swift */,
				08990B082754B5FF005B43DA /* Assets.xcassets */,
				088C8B852758CE88006D69E6 /* introvid.mp4 */,
			);
			path = Shared;
			sourceTree = "<group>";
		};
		08990B0E2754B5FF005B43DA /* Products */ = {
			isa = PBXGroup;
			children = (
				08990B0D2754B5FF005B43DA /* Velfaerds.app */,
				08990B132754B5FF005B43DA /* Velfaerds.app */,
				08990B1A2754B5FF005B43DA /* Tests iOS.xctest */,
				08990B262754B5FF005B43DA /* Tests macOS.xctest */,
			);
			name = Products;
			sourceTree = "<group>";
		};
		08990B142754B5FF005B43DA /* macOS */ = {
			isa = PBXGroup;
			children = (
				08990B152754B5FF005B43DA /* macOS.entitlements */,
				08911AE527575E30001CEFDC /* SideBarMenu.swift */,
			);
			path = macOS;
			sourceTree = "<group>";
		};
		08990B1D2754B5FF005B43DA /* Tests iOS */ = {
			isa = PBXGroup;
			children = (
				08990B1E2754B5FF005B43DA /* Tests_iOS.swift */,
				08990B202754B5FF005B43DA /* Tests_iOSLaunchTests.swift */,
			);
			path = "Tests iOS";
			sourceTree = "<group>";
		};
		08990B292754B5FF005B43DA /* Tests macOS */ = {
			isa = PBXGroup;
			children = (
				080E40682768C8C0006C8CCF /* Velfaerds--iOS--Info.plist */,
				08990B2A2754B5FF005B43DA /* Tests_macOS.swift */,
				08990B2C2754B5FF005B43DA /* Tests_macOSLaunchTests.swift */,
			);
			path = "Tests macOS";
			sourceTree = "<group>";
		};
		08990B422754B865005B43DA /* iOS */ = {
			isa = PBXGroup;
			children = (
				08911AE1275759E7001CEFDC /* TabBarMenu.swift */,
			);
			path = iOS;
			sourceTree = "<group>";
		};
		08990B452754B8D9005B43DA /* Models */ = {
			isa = PBXGroup;
			children = (
				08990B472754BBCC005B43DA /* QuestionModel.swift */,
				08990B4A2754BDC8005B43DA /* ModelData.swift */,
				08EE0F49278D883800A89C04 /* QuestionsManager.swift */,
			);
			path = Models;
			sourceTree = "<group>";
		};
		08990B4D2754BF26005B43DA /* Views */ = {
			isa = PBXGroup;
			children = (
				088C8B882758F450006D69E6 /* Shared */,
				08FC143A2757A2F800E7AE4B /* Quiz */,
				08FC14392757A2EF00E7AE4B /* Home */,
				0800453427562AA7007C6E86 /* Styrker */,
			);
			path = Views;
			sourceTree = "<group>";
		};
		08990B4E2754C23F005B43DA /* Resources */ = {
			isa = PBXGroup;
			children = (
				08FC143B2757AA7800E7AE4B /* Localizable.strings */,
				08990B522754CDA8005B43DA /* questions.json */,
			);
			path = Resources;
			sourceTree = "<group>";
		};
		08B5CC11278C301C0076A980 /* Components */ = {
			isa = PBXGroup;
			children = (
				0893AF3C2791814600716397 /* CustomSlider.swift */,
			);
			path = Components;
			sourceTree = "<group>";
		};
		08BEB1492768C3BD009184E8 /* Video */ = {
			isa = PBXGroup;
			children = (
				08BEB13F27687F89009184E8 /* PlayerView.swift */,
				08BEB14127688519009184E8 /* VideoView.swift */,
			);
			path = Video;
			sourceTree = "<group>";
		};
		08FC14392757A2EF00E7AE4B /* Home */ = {
			isa = PBXGroup;
			children = (
				08FC14332757948600E7AE4B /* HomeView.swift */,
			);
			path = Home;
			sourceTree = "<group>";
		};
		08FC143A2757A2F800E7AE4B /* Quiz */ = {
			isa = PBXGroup;
			children = (
				08B5CC11278C301C0076A980 /* Components */,
				08FC143627579D6C00E7AE4B /* QuizPage.swift */,
				08AE829D27901BBE009E328C /* QuizSelectResult.swift */,
				08AE82A027902833009E328C /* QuizResultRow.swift */,
				0893AF3627915AD900716397 /* QuizResult.swift */,
			);
			path = Quiz;
			sourceTree = "<group>";
		};
/* End PBXGroup section */

/* Begin PBXNativeTarget section */
		08990B0C2754B5FF005B43DA /* Velfaerds (iOS) */ = {
			isa = PBXNativeTarget;
			buildConfigurationList = 08990B362754B5FF005B43DA /* Build configuration list for PBXNativeTarget "Velfaerds (iOS)" */;
			buildPhases = (
				08990B092754B5FF005B43DA /* Sources */,
				08990B0A2754B5FF005B43DA /* Frameworks */,
				08990B0B2754B5FF005B43DA /* Resources */,
			);
			buildRules = (
			);
			dependencies = (
			);
			name = "Velfaerds (iOS)";
			productName = "Velfaerds (iOS)";
			productReference = 08990B0D2754B5FF005B43DA /* Velfaerds.app */;
			productType = "com.apple.product-type.application";
		};
		08990B122754B5FF005B43DA /* Velfaerds (macOS) */ = {
			isa = PBXNativeTarget;
			buildConfigurationList = 08990B392754B5FF005B43DA /* Build configuration list for PBXNativeTarget "Velfaerds (macOS)" */;
			buildPhases = (
				08990B0F2754B5FF005B43DA /* Sources */,
				08990B102754B5FF005B43DA /* Frameworks */,
				08990B112754B5FF005B43DA /* Resources */,
			);
			buildRules = (
			);
			dependencies = (
			);
			name = "Velfaerds (macOS)";
			productName = "Velfaerds (macOS)";
			productReference = 08990B132754B5FF005B43DA /* Velfaerds.app */;
			productType = "com.apple.product-type.application";
		};
		08990B192754B5FF005B43DA /* Tests iOS */ = {
			isa = PBXNativeTarget;
			buildConfigurationList = 08990B3C2754B5FF005B43DA /* Build configuration list for PBXNativeTarget "Tests iOS" */;
			buildPhases = (
				08990B162754B5FF005B43DA /* Sources */,
				08990B172754B5FF005B43DA /* Frameworks */,
				08990B182754B5FF005B43DA /* Resources */,
			);
			buildRules = (
			);
			dependencies = (
				08990B1C2754B5FF005B43DA /* PBXTargetDependency */,
			);
			name = "Tests iOS";
			productName = "Tests iOS";
			productReference = 08990B1A2754B5FF005B43DA /* Tests iOS.xctest */;
			productType = "com.apple.product-type.bundle.ui-testing";
		};
		08990B252754B5FF005B43DA /* Tests macOS */ = {
			isa = PBXNativeTarget;
			buildConfigurationList = 08990B3F2754B5FF005B43DA /* Build configuration list for PBXNativeTarget "Tests macOS" */;
			buildPhases = (
				08990B222754B5FF005B43DA /* Sources */,
				08990B232754B5FF005B43DA /* Frameworks */,
				08990B242754B5FF005B43DA /* Resources */,
			);
			buildRules = (
			);
			dependencies = (
				08990B282754B5FF005B43DA /* PBXTargetDependency */,
			);
			name = "Tests macOS";
			productName = "Tests macOS";
			productReference = 08990B262754B5FF005B43DA /* Tests macOS.xctest */;
			productType = "com.apple.product-type.bundle.ui-testing";
		};
/* End PBXNativeTarget section */

/* Begin PBXProject section */
		08990B012754B5FE005B43DA /* Project object */ = {
			isa = PBXProject;
			attributes = {
				BuildIndependentTargetsInParallel = 1;
				LastSwiftUpdateCheck = 1310;
				LastUpgradeCheck = 1310;
				TargetAttributes = {
					08990B0C2754B5FF005B43DA = {
						CreatedOnToolsVersion = 13.1;
					};
					08990B122754B5FF005B43DA = {
						CreatedOnToolsVersion = 13.1;
					};
					08990B192754B5FF005B43DA = {
						CreatedOnToolsVersion = 13.1;
						TestTargetID = 08990B0C2754B5FF005B43DA;
					};
					08990B252754B5FF005B43DA = {
						CreatedOnToolsVersion = 13.1;
						TestTargetID = 08990B122754B5FF005B43DA;
					};
				};
			};
			buildConfigurationList = 08990B042754B5FE005B43DA /* Build configuration list for PBXProject "Velfaerds" */;
			compatibilityVersion = "Xcode 13.0";
			developmentRegion = en;
			hasScannedForEncodings = 0;
			knownRegions = (
				en,
				da,
			);
			mainGroup = 08990B002754B5FE005B43DA;
			productRefGroup = 08990B0E2754B5FF005B43DA /* Products */;
			projectDirPath = "";
			projectRoot = "";
			targets = (
				08990B0C2754B5FF005B43DA /* Velfaerds (iOS) */,
				08990B122754B5FF005B43DA /* Velfaerds (macOS) */,
				08990B192754B5FF005B43DA /* Tests iOS */,
				08990B252754B5FF005B43DA /* Tests macOS */,
			);
		};
/* End PBXProject section */

/* Begin PBXResourcesBuildPhase section */
		08990B0B2754B5FF005B43DA /* Resources */ = {
			isa = PBXResourcesBuildPhase;
			buildActionMask = 2147483647;
			files = (
				08990B322754B5FF005B43DA /* Assets.xcassets in Resources */,
				08FC143C2757AA7800E7AE4B /* Localizable.strings in Resources */,
				088C8B862758CE88006D69E6 /* introvid.mp4 in Resources */,
				08990B532754CDA8005B43DA /* questions.json in Resources */,
				080E40692768C8C0006C8CCF /* Velfaerds--iOS--Info.plist in Resources */,
			);
			runOnlyForDeploymentPostprocessing = 0;
		};
		08990B112754B5FF005B43DA /* Resources */ = {
			isa = PBXResourcesBuildPhase;
			buildActionMask = 2147483647;
			files = (
				08990B332754B5FF005B43DA /* Assets.xcassets in Resources */,
				08FC143D2757AA7800E7AE4B /* Localizable.strings in Resources */,
				088C8B872758CE88006D69E6 /* introvid.mp4 in Resources */,
				08990B542754CDA8005B43DA /* questions.json in Resources */,
			);
			runOnlyForDeploymentPostprocessing = 0;
		};
		08990B182754B5FF005B43DA /* Resources */ = {
			isa = PBXResourcesBuildPhase;
			buildActionMask = 2147483647;
			files = (
			);
			runOnlyForDeploymentPostprocessing = 0;
		};
		08990B242754B5FF005B43DA /* Resources */ = {
			isa = PBXResourcesBuildPhase;
			buildActionMask = 2147483647;
			files = (
			);
			runOnlyForDeploymentPostprocessing = 0;
		};
/* End PBXResourcesBuildPhase section */

/* Begin PBXSourcesBuildPhase section */
		08990B092754B5FF005B43DA /* Sources */ = {
			isa = PBXSourcesBuildPhase;
			buildActionMask = 2147483647;
			files = (
				0800453227560965007C6E86 /* StyrkeDetail.swift in Sources */,
				0893AF3D2791814600716397 /* CustomSlider.swift in Sources */,
				08990B592754CE31005B43DA /* StyrkeRow.swift in Sources */,
				08990B302754B5FF005B43DA /* ContentView.swift in Sources */,
				08BEB14027687F89009184E8 /* PlayerView.swift in Sources */,
				08FC14342757948600E7AE4B /* HomeView.swift in Sources */,
				08990B2E2754B5FF005B43DA /* VelfaerdsApp.swift in Sources */,
				08911AEB27577099001CEFDC /* TabBarMenu.swift in Sources */,
				08AE829E27901BBE009E328C /* QuizSelectResult.swift in Sources */,
				08990B4B2754BDC8005B43DA /* ModelData.swift in Sources */,
				08990B442754B8C5005B43DA /* StyrkeList.swift in Sources */,
				08EE0F4A278D883800A89C04 /* QuestionsManager.swift in Sources */,
				08911AED2757709E001CEFDC /* SideBarMenu.swift in Sources */,
				0893AF3727915AD900716397 /* QuizResult.swift in Sources */,
				08FC143727579D6C00E7AE4B /* QuizPage.swift in Sources */,
				08990B482754BBCC005B43DA /* QuestionModel.swift in Sources */,
				08AE82A127902833009E328C /* QuizResultRow.swift in Sources */,
				08BEB14227688519009184E8 /* VideoView.swift in Sources */,
			);
			runOnlyForDeploymentPostprocessing = 0;
		};
		08990B0F2754B5FF005B43DA /* Sources */ = {
			isa = PBXSourcesBuildPhase;
			buildActionMask = 2147483647;
			files = (
				08AE82A227902833009E328C /* QuizResultRow.swift in Sources */,
				08911AE727575E6B001CEFDC /* StyrkeList.swift in Sources */,
				08911AE627575E30001CEFDC /* SideBarMenu.swift in Sources */,
				08911AEA27576D77001CEFDC /* ContentView.swift in Sources */,
				08EE0F4B278D883800A89C04 /* QuestionsManager.swift in Sources */,
				08FC14352757948600E7AE4B /* HomeView.swift in Sources */,
				08990B5A2754CE31005B43DA /* StyrkeRow.swift in Sources */,
				08990B4C2754BDC8005B43DA /* ModelData.swift in Sources */,
				08990B492754BBCC005B43DA /* QuestionModel.swift in Sources */,
				0800453327560965007C6E86 /* StyrkeDetail.swift in Sources */,
				08AE829F27901BBE009E328C /* QuizSelectResult.swift in Sources */,
				0893AF3E2791814600716397 /* CustomSlider.swift in Sources */,
				0893AF3827915AD900716397 /* QuizResult.swift in Sources */,
				08911AEC2757709A001CEFDC /* TabBarMenu.swift in Sources */,
				08FC143827579D6C00E7AE4B /* QuizPage.swift in Sources */,
				08990B2F2754B5FF005B43DA /* VelfaerdsApp.swift in Sources */,
			);
			runOnlyForDeploymentPostprocessing = 0;
		};
		08990B162754B5FF005B43DA /* Sources */ = {
			isa = PBXSourcesBuildPhase;
			buildActionMask = 2147483647;
			files = (
				08990B212754B5FF005B43DA /* Tests_iOSLaunchTests.swift in Sources */,
				08990B1F2754B5FF005B43DA /* Tests_iOS.swift in Sources */,
			);
			runOnlyForDeploymentPostprocessing = 0;
		};
		08990B222754B5FF005B43DA /* Sources */ = {
			isa = PBXSourcesBuildPhase;
			buildActionMask = 2147483647;
			files = (
				08990B2D2754B5FF005B43DA /* Tests_macOSLaunchTests.swift in Sources */,
				08990B2B2754B5FF005B43DA /* Tests_macOS.swift in Sources */,
			);
			runOnlyForDeploymentPostprocessing = 0;
		};
/* End PBXSourcesBuildPhase section */

/* Begin PBXTargetDependency section */
		08990B1C2754B5FF005B43DA /* PBXTargetDependency */ = {
			isa = PBXTargetDependency;
			target = 08990B0C2754B5FF005B43DA /* Velfaerds (iOS) */;
			targetProxy = 08990B1B2754B5FF005B43DA /* PBXContainerItemProxy */;
		};
		08990B282754B5FF005B43DA /* PBXTargetDependency */ = {
			isa = PBXTargetDependency;
			target = 08990B122754B5FF005B43DA /* Velfaerds (macOS) */;
			targetProxy = 08990B272754B5FF005B43DA /* PBXContainerItemProxy */;
		};
/* End PBXTargetDependency section */

/* Begin XCBuildConfiguration section */
		08990B342754B5FF005B43DA /* Debug */ = {
			isa = XCBuildConfiguration;
			buildSettings = {
				ALWAYS_SEARCH_USER_PATHS = NO;
				CLANG_ANALYZER_NONNULL = YES;
				CLANG_ANALYZER_NUMBER_OBJECT_CONVERSION = YES_AGGRESSIVE;
				CLANG_CXX_LANGUAGE_STANDARD = "gnu++17";
				CLANG_CXX_LIBRARY = "libc++";
				CLANG_ENABLE_MODULES = YES;
				CLANG_ENABLE_OBJC_ARC = YES;
				CLANG_ENABLE_OBJC_WEAK = YES;
				CLANG_WARN_BLOCK_CAPTURE_AUTORELEASING = YES;
				CLANG_WARN_BOOL_CONVERSION = YES;
				CLANG_WARN_COMMA = YES;
				CLANG_WARN_CONSTANT_CONVERSION = YES;
				CLANG_WARN_DEPRECATED_OBJC_IMPLEMENTATIONS = YES;
				CLANG_WARN_DIRECT_OBJC_ISA_USAGE = YES_ERROR;
				CLANG_WARN_DOCUMENTATION_COMMENTS = YES;
				CLANG_WARN_EMPTY_BODY = YES;
				CLANG_WARN_ENUM_CONVERSION = YES;
				CLANG_WARN_INFINITE_RECURSION = YES;
				CLANG_WARN_INT_CONVERSION = YES;
				CLANG_WARN_NON_LITERAL_NULL_CONVERSION = YES;
				CLANG_WARN_OBJC_IMPLICIT_RETAIN_SELF = YES;
				CLANG_WARN_OBJC_LITERAL_CONVERSION = YES;
				CLANG_WARN_OBJC_ROOT_CLASS = YES_ERROR;
				CLANG_WARN_QUOTED_INCLUDE_IN_FRAMEWORK_HEADER = YES;
				CLANG_WARN_RANGE_LOOP_ANALYSIS = YES;
				CLANG_WARN_STRICT_PROTOTYPES = YES;
				CLANG_WARN_SUSPICIOUS_MOVE = YES;
				CLANG_WARN_UNGUARDED_AVAILABILITY = YES_AGGRESSIVE;
				CLANG_WARN_UNREACHABLE_CODE = YES;
				CLANG_WARN__DUPLICATE_METHOD_MATCH = YES;
				COPY_PHASE_STRIP = NO;
				DEBUG_INFORMATION_FORMAT = dwarf;
				ENABLE_STRICT_OBJC_MSGSEND = YES;
				ENABLE_TESTABILITY = YES;
				GCC_C_LANGUAGE_STANDARD = gnu11;
				GCC_DYNAMIC_NO_PIC = NO;
				GCC_NO_COMMON_BLOCKS = YES;
				GCC_OPTIMIZATION_LEVEL = 0;
				GCC_PREPROCESSOR_DEFINITIONS = (
					"DEBUG=1",
					"$(inherited)",
				);
				GCC_WARN_64_TO_32_BIT_CONVERSION = YES;
				GCC_WARN_ABOUT_RETURN_TYPE = YES_ERROR;
				GCC_WARN_UNDECLARED_SELECTOR = YES;
				GCC_WARN_UNINITIALIZED_AUTOS = YES_AGGRESSIVE;
				GCC_WARN_UNUSED_FUNCTION = YES;
				GCC_WARN_UNUSED_VARIABLE = YES;
				MTL_ENABLE_DEBUG_INFO = INCLUDE_SOURCE;
				MTL_FAST_MATH = YES;
				ONLY_ACTIVE_ARCH = YES;
				SWIFT_ACTIVE_COMPILATION_CONDITIONS = DEBUG;
				SWIFT_OPTIMIZATION_LEVEL = "-Onone";
			};
			name = Debug;
		};
		08990B352754B5FF005B43DA /* Release */ = {
			isa = XCBuildConfiguration;
			buildSettings = {
				ALWAYS_SEARCH_USER_PATHS = NO;
				CLANG_ANALYZER_NONNULL = YES;
				CLANG_ANALYZER_NUMBER_OBJECT_CONVERSION = YES_AGGRESSIVE;
				CLANG_CXX_LANGUAGE_STANDARD = "gnu++17";
				CLANG_CXX_LIBRARY = "libc++";
				CLANG_ENABLE_MODULES = YES;
				CLANG_ENABLE_OBJC_ARC = YES;
				CLANG_ENABLE_OBJC_WEAK = YES;
				CLANG_WARN_BLOCK_CAPTURE_AUTORELEASING = YES;
				CLANG_WARN_BOOL_CONVERSION = YES;
				CLANG_WARN_COMMA = YES;
				CLANG_WARN_CONSTANT_CONVERSION = YES;
				CLANG_WARN_DEPRECATED_OBJC_IMPLEMENTATIONS = YES;
				CLANG_WARN_DIRECT_OBJC_ISA_USAGE = YES_ERROR;
				CLANG_WARN_DOCUMENTATION_COMMENTS = YES;
				CLANG_WARN_EMPTY_BODY = YES;
				CLANG_WARN_ENUM_CONVERSION = YES;
				CLANG_WARN_INFINITE_RECURSION = YES;
				CLANG_WARN_INT_CONVERSION = YES;
				CLANG_WARN_NON_LITERAL_NULL_CONVERSION = YES;
				CLANG_WARN_OBJC_IMPLICIT_RETAIN_SELF = YES;
				CLANG_WARN_OBJC_LITERAL_CONVERSION = YES;
				CLANG_WARN_OBJC_ROOT_CLASS = YES_ERROR;
				CLANG_WARN_QUOTED_INCLUDE_IN_FRAMEWORK_HEADER = YES;
				CLANG_WARN_RANGE_LOOP_ANALYSIS = YES;
				CLANG_WARN_STRICT_PROTOTYPES = YES;
				CLANG_WARN_SUSPICIOUS_MOVE = YES;
				CLANG_WARN_UNGUARDED_AVAILABILITY = YES_AGGRESSIVE;
				CLANG_WARN_UNREACHABLE_CODE = YES;
				CLANG_WARN__DUPLICATE_METHOD_MATCH = YES;
				COPY_PHASE_STRIP = NO;
				DEBUG_INFORMATION_FORMAT = "dwarf-with-dsym";
				ENABLE_NS_ASSERTIONS = NO;
				ENABLE_STRICT_OBJC_MSGSEND = YES;
				GCC_C_LANGUAGE_STANDARD = gnu11;
				GCC_NO_COMMON_BLOCKS = YES;
				GCC_WARN_64_TO_32_BIT_CONVERSION = YES;
				GCC_WARN_ABOUT_RETURN_TYPE = YES_ERROR;
				GCC_WARN_UNDECLARED_SELECTOR = YES;
				GCC_WARN_UNINITIALIZED_AUTOS = YES_AGGRESSIVE;
				GCC_WARN_UNUSED_FUNCTION = YES;
				GCC_WARN_UNUSED_VARIABLE = YES;
				MTL_ENABLE_DEBUG_INFO = NO;
				MTL_FAST_MATH = YES;
				SWIFT_COMPILATION_MODE = wholemodule;
				SWIFT_OPTIMIZATION_LEVEL = "-O";
			};
			name = Release;
		};
		08990B372754B5FF005B43DA /* Debug */ = {
			isa = XCBuildConfiguration;
			buildSettings = {
				ASSETCATALOG_COMPILER_APPICON_NAME = AppIcon;
				ASSETCATALOG_COMPILER_GLOBAL_ACCENT_COLOR_NAME = AccentColor;
				CODE_SIGN_STYLE = Automatic;
				CURRENT_PROJECT_VERSION = 1;
				ENABLE_PREVIEWS = YES;
				GENERATE_INFOPLIST_FILE = YES;
				INFOPLIST_FILE = "";
				INFOPLIST_KEY_UIApplicationSceneManifest_Generation = YES;
				INFOPLIST_KEY_UIApplicationSupportsIndirectInputEvents = YES;
				INFOPLIST_KEY_UILaunchScreen_Generation = YES;
				INFOPLIST_KEY_UISupportedInterfaceOrientations = "";
				INFOPLIST_KEY_UISupportedInterfaceOrientations_iPad = UIInterfaceOrientationLandscapeLeft;
				INFOPLIST_KEY_UISupportedInterfaceOrientations_iPhone = UIInterfaceOrientationPortrait;
				IPHONEOS_DEPLOYMENT_TARGET = 15.0;
				LD_RUNPATH_SEARCH_PATHS = (
					"$(inherited)",
					"@executable_path/Frameworks",
				);
				MARKETING_VERSION = 1.0;
				PRODUCT_BUNDLE_IDENTIFIER = TEC.Velfaerds;
				PRODUCT_NAME = Velfaerds;
				SDKROOT = iphoneos;
				SWIFT_EMIT_LOC_STRINGS = YES;
				SWIFT_VERSION = 5.0;
				TARGETED_DEVICE_FAMILY = "1,2";
			};
			name = Debug;
		};
		08990B382754B5FF005B43DA /* Release */ = {
			isa = XCBuildConfiguration;
			buildSettings = {
				ASSETCATALOG_COMPILER_APPICON_NAME = AppIcon;
				ASSETCATALOG_COMPILER_GLOBAL_ACCENT_COLOR_NAME = AccentColor;
				CODE_SIGN_STYLE = Automatic;
				CURRENT_PROJECT_VERSION = 1;
				ENABLE_PREVIEWS = YES;
				GENERATE_INFOPLIST_FILE = YES;
				INFOPLIST_FILE = "";
				INFOPLIST_KEY_UIApplicationSceneManifest_Generation = YES;
				INFOPLIST_KEY_UIApplicationSupportsIndirectInputEvents = YES;
				INFOPLIST_KEY_UILaunchScreen_Generation = YES;
				INFOPLIST_KEY_UISupportedInterfaceOrientations = "";
				INFOPLIST_KEY_UISupportedInterfaceOrientations_iPad = UIInterfaceOrientationLandscapeLeft;
				INFOPLIST_KEY_UISupportedInterfaceOrientations_iPhone = UIInterfaceOrientationPortrait;
				IPHONEOS_DEPLOYMENT_TARGET = 15.0;
				LD_RUNPATH_SEARCH_PATHS = (
					"$(inherited)",
					"@executable_path/Frameworks",
				);
				MARKETING_VERSION = 1.0;
				PRODUCT_BUNDLE_IDENTIFIER = TEC.Velfaerds;
				PRODUCT_NAME = Velfaerds;
				SDKROOT = iphoneos;
				SWIFT_EMIT_LOC_STRINGS = YES;
				SWIFT_VERSION = 5.0;
				TARGETED_DEVICE_FAMILY = "1,2";
				VALIDATE_PRODUCT = YES;
			};
			name = Release;
		};
		08990B3A2754B5FF005B43DA /* Debug */ = {
			isa = XCBuildConfiguration;
			buildSettings = {
				ASSETCATALOG_COMPILER_APPICON_NAME = AppIcon;
				ASSETCATALOG_COMPILER_GLOBAL_ACCENT_COLOR_NAME = AccentColor;
				CODE_SIGN_ENTITLEMENTS = macOS/macOS.entitlements;
				CODE_SIGN_STYLE = Automatic;
				COMBINE_HIDPI_IMAGES = YES;
				CURRENT_PROJECT_VERSION = 1;
				ENABLE_PREVIEWS = YES;
				GENERATE_INFOPLIST_FILE = YES;
				INFOPLIST_KEY_NSHumanReadableCopyright = "";
				LD_RUNPATH_SEARCH_PATHS = (
					"$(inherited)",
					"@executable_path/../Frameworks",
				);
				MACOSX_DEPLOYMENT_TARGET = 12.0;
				MARKETING_VERSION = 1.0;
				PRODUCT_BUNDLE_IDENTIFIER = TEC.Velfaerds;
				PRODUCT_NAME = Velfaerds;
				SDKROOT = macosx;
				SWIFT_EMIT_LOC_STRINGS = YES;
				SWIFT_VERSION = 5.0;
			};
			name = Debug;
		};
		08990B3B2754B5FF005B43DA /* Release */ = {
			isa = XCBuildConfiguration;
			buildSettings = {
				ASSETCATALOG_COMPILER_APPICON_NAME = AppIcon;
				ASSETCATALOG_COMPILER_GLOBAL_ACCENT_COLOR_NAME = AccentColor;
				CODE_SIGN_ENTITLEMENTS = macOS/macOS.entitlements;
				CODE_SIGN_STYLE = Automatic;
				COMBINE_HIDPI_IMAGES = YES;
				CURRENT_PROJECT_VERSION = 1;
				ENABLE_PREVIEWS = YES;
				GENERATE_INFOPLIST_FILE = YES;
				INFOPLIST_KEY_NSHumanReadableCopyright = "";
				LD_RUNPATH_SEARCH_PATHS = (
					"$(inherited)",
					"@executable_path/../Frameworks",
				);
				MACOSX_DEPLOYMENT_TARGET = 12.0;
				MARKETING_VERSION = 1.0;
				PRODUCT_BUNDLE_IDENTIFIER = TEC.Velfaerds;
				PRODUCT_NAME = Velfaerds;
				SDKROOT = macosx;
				SWIFT_EMIT_LOC_STRINGS = YES;
				SWIFT_VERSION = 5.0;
			};
			name = Release;
		};
		08990B3D2754B5FF005B43DA /* Debug */ = {
			isa = XCBuildConfiguration;
			buildSettings = {
				ALWAYS_EMBED_SWIFT_STANDARD_LIBRARIES = YES;
				CODE_SIGN_STYLE = Automatic;
				CURRENT_PROJECT_VERSION = 1;
				GENERATE_INFOPLIST_FILE = YES;
				IPHONEOS_DEPLOYMENT_TARGET = 15.0;
				LD_RUNPATH_SEARCH_PATHS = (
					"$(inherited)",
					"@executable_path/Frameworks",
					"@loader_path/Frameworks",
				);
				MARKETING_VERSION = 1.0;
				PRODUCT_BUNDLE_IDENTIFIER = "TEC.Tests-iOS";
				PRODUCT_NAME = "$(TARGET_NAME)";
				SDKROOT = iphoneos;
				SWIFT_EMIT_LOC_STRINGS = NO;
				SWIFT_VERSION = 5.0;
				TARGETED_DEVICE_FAMILY = "1,2";
				TEST_TARGET_NAME = "Velfaerds (iOS)";
			};
			name = Debug;
		};
		08990B3E2754B5FF005B43DA /* Release */ = {
			isa = XCBuildConfiguration;
			buildSettings = {
				ALWAYS_EMBED_SWIFT_STANDARD_LIBRARIES = YES;
				CODE_SIGN_STYLE = Automatic;
				CURRENT_PROJECT_VERSION = 1;
				GENERATE_INFOPLIST_FILE = YES;
				IPHONEOS_DEPLOYMENT_TARGET = 15.0;
				LD_RUNPATH_SEARCH_PATHS = (
					"$(inherited)",
					"@executable_path/Frameworks",
					"@loader_path/Frameworks",
				);
				MARKETING_VERSION = 1.0;
				PRODUCT_BUNDLE_IDENTIFIER = "TEC.Tests-iOS";
				PRODUCT_NAME = "$(TARGET_NAME)";
				SDKROOT = iphoneos;
				SWIFT_EMIT_LOC_STRINGS = NO;
				SWIFT_VERSION = 5.0;
				TARGETED_DEVICE_FAMILY = "1,2";
				TEST_TARGET_NAME = "Velfaerds (iOS)";
				VALIDATE_PRODUCT = YES;
			};
			name = Release;
		};
		08990B402754B5FF005B43DA /* Debug */ = {
			isa = XCBuildConfiguration;
			buildSettings = {
				ALWAYS_EMBED_SWIFT_STANDARD_LIBRARIES = YES;
				CODE_SIGN_STYLE = Automatic;
				COMBINE_HIDPI_IMAGES = YES;
				CURRENT_PROJECT_VERSION = 1;
				GENERATE_INFOPLIST_FILE = YES;
				LD_RUNPATH_SEARCH_PATHS = (
					"$(inherited)",
					"@executable_path/../Frameworks",
					"@loader_path/../Frameworks",
				);
				MACOSX_DEPLOYMENT_TARGET = 12.0;
				MARKETING_VERSION = 1.0;
				PRODUCT_BUNDLE_IDENTIFIER = "TEC.Tests-macOS";
				PRODUCT_NAME = "$(TARGET_NAME)";
				SDKROOT = macosx;
				SWIFT_EMIT_LOC_STRINGS = NO;
				SWIFT_VERSION = 5.0;
				TEST_TARGET_NAME = "Velfaerds (macOS)";
			};
			name = Debug;
		};
		08990B412754B5FF005B43DA /* Release */ = {
			isa = XCBuildConfiguration;
			buildSettings = {
				ALWAYS_EMBED_SWIFT_STANDARD_LIBRARIES = YES;
				CODE_SIGN_STYLE = Automatic;
				COMBINE_HIDPI_IMAGES = YES;
				CURRENT_PROJECT_VERSION = 1;
				GENERATE_INFOPLIST_FILE = YES;
				LD_RUNPATH_SEARCH_PATHS = (
					"$(inherited)",
					"@executable_path/../Frameworks",
					"@loader_path/../Frameworks",
				);
				MACOSX_DEPLOYMENT_TARGET = 12.0;
				MARKETING_VERSION = 1.0;
				PRODUCT_BUNDLE_IDENTIFIER = "TEC.Tests-macOS";
				PRODUCT_NAME = "$(TARGET_NAME)";
				SDKROOT = macosx;
				SWIFT_EMIT_LOC_STRINGS = NO;
				SWIFT_VERSION = 5.0;
				TEST_TARGET_NAME = "Velfaerds (macOS)";
			};
			name = Release;
		};
/* End XCBuildConfiguration section */

/* Begin XCConfigurationList section */
		08990B042754B5FE005B43DA /* Build configuration list for PBXProject "Velfaerds" */ = {
			isa = XCConfigurationList;
			buildConfigurations = (
				08990B342754B5FF005B43DA /* Debug */,
				08990B352754B5FF005B43DA /* Release */,
			);
			defaultConfigurationIsVisible = 0;
			defaultConfigurationName = Release;
		};
		08990B362754B5FF005B43DA /* Build configuration list for PBXNativeTarget "Velfaerds (iOS)" */ = {
			isa = XCConfigurationList;
			buildConfigurations = (
				08990B372754B5FF005B43DA /* Debug */,
				08990B382754B5FF005B43DA /* Release */,
			);
			defaultConfigurationIsVisible = 0;
			defaultConfigurationName = Release;
		};
		08990B392754B5FF005B43DA /* Build configuration list for PBXNativeTarget "Velfaerds (macOS)" */ = {
			isa = XCConfigurationList;
			buildConfigurations = (
				08990B3A2754B5FF005B43DA /* Debug */,
				08990B3B2754B5FF005B43DA /* Release */,
			);
			defaultConfigurationIsVisible = 0;
			defaultConfigurationName = Release;
		};
		08990B3C2754B5FF005B43DA /* Build configuration list for PBXNativeTarget "Tests iOS" */ = {
			isa = XCConfigurationList;
			buildConfigurations = (
				08990B3D2754B5FF005B43DA /* Debug */,
				08990B3E2754B5FF005B43DA /* Release */,
			);
			defaultConfigurationIsVisible = 0;
			defaultConfigurationName = Release;
		};
		08990B3F2754B5FF005B43DA /* Build configuration list for PBXNativeTarget "Tests macOS" */ = {
			isa = XCConfigurationList;
			buildConfigurations = (
				08990B402754B5FF005B43DA /* Debug */,
				08990B412754B5FF005B43DA /* Release */,
			);
			defaultConfigurationIsVisible = 0;
			defaultConfigurationName = Release;
		};
/* End XCConfigurationList section */
	};
	rootObject = 08990B012754B5FE005B43DA /* Project object */;
}
